
Microsoft Visual Studio Solution File, Format Version 12.00
# Visual Studio Version 17
VisualStudioVersion = 17.14.36203.30 d17.14
MinimumVisualStudioVersion = 10.0.40219.1
Project("{FAE04EC0-301F-11D3-BF4B-00C04F79EFBC}") = "Operations2", "Operations2.csproj", "{23A27755-B74A-4BDD-9F9A-72BC1C8D7C85}"
EndProject
Global
	GlobalSection(SolutionConfigurationPlatforms) = preSolution
		Debug|Any CPU = Debug|Any CPU
		Release|Any CPU = Release|Any CPU
	EndGlobalSection
	GlobalSection(ProjectConfigurationPlatforms) = postSolution
		{23A27755-B74A-4BDD-9F9A-72BC1C8D7C85}.Debug|Any CPU.ActiveCfg = Debug|Any CPU
		{23A27755-B74A-4BDD-9F9A-72BC1C8D7C85}.Debug|Any CPU.Build.0 = Debug|Any CPU
		{23A27755-B74A-4BDD-9F9A-72BC1C8D7C85}.Release|Any CPU.ActiveCfg = Release|Any CPU
		{23A27755-B74A-4BDD-9F9A-72BC1C8D7C85}.Release|Any CPU.Build.0 = Release|Any CPU
	EndGlobalSection
	GlobalSection(SolutionProperties) = preSolution
		HideSolutionNode = FALSE
	EndGlobalSection
	GlobalSection(ExtensibilityGlobals) = postSolution
		SolutionGuid = {FF799FEE-0A41-44F9-9C09-BC453176D266}
	EndGlobalSection
EndGlobal
